{
  "lockfileVersion": 1,
  "configVersion": 0,
  "workspaces": {
    "": {
      "name": "cursor-marketplace",
      "dependencies": {
        "lodash.merge": "4.6.2",
        "yaml": "2.8.1",
        "zod": "4.1.12",
      },
      "devDependencies": {
        "@straw-hat/prettier-config": "3.1.5",
        "@types/bun": "1.2.2",
        "@types/lodash.merge": "4.6.9",
        "@typescript/native-preview": "7.0.0-dev.20251014.1",
        "prettier": "3.6.2",
      },
      "peerDependencies": {
        "typescript": "5.9.3",
      },
    },
  },
  "packages": {
    "@straw-hat/prettier-config": ["@straw-hat/prettier-config@3.1.5", "", { "dependencies": { "prettier-plugin-organize-imports": "^3.2.4", "prettier-plugin-tailwindcss": "^0.5.7" }, "peerDependencies": { "prettier": "^3.0.1", "typescript": "^5.1.6" } }, "sha512-2SsEkaPuFQk70S9mentgVxyATn9bkD9zduTQq+exwIWBldnaxXbyIKIZ0q2HyhAAhuQmD4HZp5iNqWOAmGNdXg=="],

    "@types/bun": ["@types/bun@1.2.2", "", { "dependencies": { "bun-types": "1.2.2" } }, "sha512-tr74gdku+AEDN5ergNiBnplr7hpDp3V1h7fqI2GcR/rsUaM39jpSeKH0TFibRvU0KwniRx5POgaYnaXbk0hU+w=="],

    "@types/lodash": ["@types/lodash@4.17.21", "", {}, "sha512-FOvQ0YPD5NOfPgMzJihoT+Za5pdkDJWcbpuj1DjaKZIr/gxodQjY/uWEFlTNqW2ugXHUiL8lRQgw63dzKHZdeQ=="],

    "@types/lodash.merge": ["@types/lodash.merge@4.6.9", "", { "dependencies": { "@types/lodash": "*" } }, "sha512-23sHDPmzd59kUgWyKGiOMO2Qb9YtqRO/x4IhkgNUiPQ1+5MUVqi6bCZeq9nBJ17msjIMbEIO5u+XW4Kz6aGUhQ=="],

    "@types/node": ["@types/node@24.9.1", "", { "dependencies": { "undici-types": "~7.16.0" } }, "sha512-QoiaXANRkSXK6p0Duvt56W208du4P9Uye9hWLWgGMDTEoKPhuenzNcC4vGUmrNkiOKTlIrBoyNQYNpSwfEZXSg=="],

    "@types/ws": ["@types/ws@8.5.14", "", { "dependencies": { "@types/node": "*" } }, "sha512-bd/YFLW+URhBzMXurx7lWByOu+xzU9+kb3RboOteXYDfW+tr+JZa99OyNmPINEGB/ahzKrEuc8rcv4gnpJmxTw=="],

    "@typescript/native-preview": ["@typescript/native-preview@7.0.0-dev.20251014.1", "", { "optionalDependencies": { "@typescript/native-preview-darwin-arm64": "7.0.0-dev.20251014.1", "@typescript/native-preview-darwin-x64": "7.0.0-dev.20251014.1", "@typescript/native-preview-linux-arm": "7.0.0-dev.20251014.1", "@typescript/native-preview-linux-arm64": "7.0.0-dev.20251014.1", "@typescript/native-preview-linux-x64": "7.0.0-dev.20251014.1", "@typescript/native-preview-win32-arm64": "7.0.0-dev.20251014.1", "@typescript/native-preview-win32-x64": "7.0.0-dev.20251014.1" }, "bin": { "tsgo": "bin/tsgo.js" } }, "sha512-IqmX5CYCBqXbfL+HKlcQAMaDlfJ0Z8OhUxvADFV2TENnzSYI4CuhvKxwOB2wFSLXufVsgtAlf3Fjwn24KmMyPQ=="],

    "@typescript/native-preview-darwin-arm64": ["@typescript/native-preview-darwin-arm64@7.0.0-dev.20251014.1", "", { "os": "darwin", "cpu": "arm64" }, "sha512-7rQoLlerWnwnvrM56hP4rdEbo4xDE4zr7cch+EzgENq/tbXYereGq1fmnR83UNglb1Eyy53OvJZ3O2csYBa2vg=="],

    "@typescript/native-preview-darwin-x64": ["@typescript/native-preview-darwin-x64@7.0.0-dev.20251014.1", "", { "os": "darwin", "cpu": "x64" }, "sha512-SF29o9NFRGDM23Jz0nVO4/yS78GQ81rtOemmCVNXuJotoY4bP3npGDyEmfkZQHZgDOXogs2OWy3t7NUJ235ANQ=="],

    "@typescript/native-preview-linux-arm": ["@typescript/native-preview-linux-arm@7.0.0-dev.20251014.1", "", { "os": "linux", "cpu": "arm" }, "sha512-o5cu7h+BBAp6V4qxYY5RWuaYouN3j+MGFLrrUtvvNj4XKM+kbq5qwsgVRsmJZ1LfUvHmzyQs86vt9djAWedzjQ=="],

    "@typescript/native-preview-linux-arm64": ["@typescript/native-preview-linux-arm64@7.0.0-dev.20251014.1", "", { "os": "linux", "cpu": "arm64" }, "sha512-+YWbW/JF4uggEUBr+vflqI5i7bL4Z3XInCOyUO1qQEY7VmfDCsPEzIwGi37O1mixfxw9Qj8LQsptCkU+fqKwGw=="],

    "@typescript/native-preview-linux-x64": ["@typescript/native-preview-linux-x64@7.0.0-dev.20251014.1", "", { "os": "linux", "cpu": "x64" }, "sha512-3LC4tgcgi6zWJWBUpBNXOGSY3yISJrQezSP/T+v+mQRApkdoIpTSHIyQAhgaagcs3MOQRaqiIPaLOVrdHXdU6A=="],

    "@typescript/native-preview-win32-arm64": ["@typescript/native-preview-win32-arm64@7.0.0-dev.20251014.1", "", { "os": "win32", "cpu": "arm64" }, "sha512-P0D4UEXwzFZh3pHexe2Ky1tW/HjY/HxTBTIajz2ViDCNPw7uDSEsXSB4H9TTiFJw8gVdTUFbsoAQp1MteTeORA=="],

    "@typescript/native-preview-win32-x64": ["@typescript/native-preview-win32-x64@7.0.0-dev.20251014.1", "", { "os": "win32", "cpu": "x64" }, "sha512-fi53g2ihH7tkQLlz8hZGAb2V+3aNZpcxrZ530CQ4xcWwAqssEj0EaZJX0VLEtIQBar1ttGVK9Pz/wJU9sYyVzg=="],

    "bun-types": ["bun-types@1.2.2", "", { "dependencies": { "@types/node": "*", "@types/ws": "~8.5.10" } }, "sha512-RCbMH5elr9gjgDGDhkTTugA21XtJAy/9jkKe/G3WR2q17VPGhcquf9Sir6uay9iW+7P/BV0CAHA1XlHXMAVKHg=="],

    "lodash.merge": ["lodash.merge@4.6.2", "", {}, "sha512-0KpjqXRVvrYyCsX1swR/XTK0va6VQkQM6MNo7PqW77ByjAhoARA8EfrP1N4+KlKj8YS0ZUCtRT/YUuhyYDujIQ=="],

    "prettier": ["prettier@3.6.2", "", { "bin": { "prettier": "bin/prettier.cjs" } }, "sha512-I7AIg5boAr5R0FFtJ6rCfD+LFsWHp81dolrFD8S79U9tb8Az2nGrJncnMSnys+bpQJfRUzqs9hnA81OAA3hCuQ=="],

    "prettier-plugin-organize-imports": ["prettier-plugin-organize-imports@3.2.4", "", { "peerDependencies": { "@volar/vue-language-plugin-pug": "^1.0.4", "@volar/vue-typescript": "^1.0.4", "prettier": ">=2.0", "typescript": ">=2.9" }, "optionalPeers": ["@volar/vue-language-plugin-pug", "@volar/vue-typescript"] }, "sha512-6m8WBhIp0dfwu0SkgfOxJqh+HpdyfqSSLfKKRZSFbDuEQXDDndb8fTpRWkUrX/uBenkex3MgnVk0J3b3Y5byog=="],

    "prettier-plugin-tailwindcss": ["prettier-plugin-tailwindcss@0.5.14", "", { "peerDependencies": { "@ianvs/prettier-plugin-sort-imports": "*", "@prettier/plugin-pug": "*", "@shopify/prettier-plugin-liquid": "*", "@trivago/prettier-plugin-sort-imports": "*", "@zackad/prettier-plugin-twig-melody": "*", "prettier": "^3.0", "prettier-plugin-astro": "*", "prettier-plugin-css-order": "*", "prettier-plugin-import-sort": "*", "prettier-plugin-jsdoc": "*", "prettier-plugin-marko": "*", "prettier-plugin-organize-attributes": "*", "prettier-plugin-organize-imports": "*", "prettier-plugin-sort-imports": "*", "prettier-plugin-style-order": "*", "prettier-plugin-svelte": "*" }, "optionalPeers": ["@ianvs/prettier-plugin-sort-imports", "@prettier/plugin-pug", "@shopify/prettier-plugin-liquid", "@trivago/prettier-plugin-sort-imports", "@zackad/prettier-plugin-twig-melody", "prettier-plugin-astro", "prettier-plugin-css-order", "prettier-plugin-import-sort", "prettier-plugin-jsdoc", "prettier-plugin-marko", "prettier-plugin-organize-attributes", "prettier-plugin-organize-imports", "prettier-plugin-sort-imports", "prettier-plugin-style-order", "prettier-plugin-svelte"] }, "sha512-Puaz+wPUAhFp8Lo9HuciYKM2Y2XExESjeT+9NQoVFXZsPPnc9VYss2SpxdQ6vbatmt8/4+SN0oe0I1cPDABg9Q=="],

    "typescript": ["typescript@5.9.3", "", { "bin": { "tsc": "bin/tsc", "tsserver": "bin/tsserver" } }, "sha512-jl1vZzPDinLr9eUt3J/t7V6FgNEw9QjvBPdysz9KfQDD41fQrC2Y4vKQdiaUpFT4bXlb1RHhLpp8wtm6M5TgSw=="],

    "undici-types": ["undici-types@7.16.0", "", {}, "sha512-Zz+aZWSj8LE6zoxD+xrjh4VfkIG8Ya6LvYkZqtUQGJPZjYl53ypCaUwWqo7eI0x66KBGeRo+mlBEkMSeSZ38Nw=="],

    "yaml": ["yaml@2.8.1", "", { "bin": { "yaml": "bin.mjs" } }, "sha512-lcYcMxX2PO9XMGvAJkJ3OsNMw+/7FKes7/hgerGUYWIoWu5j/+YQqcZr5JnPZWzOsEBgMbSbiSTn/dv/69Mkpw=="],

    "zod": ["zod@4.1.12", "", {}, "sha512-JInaHOamG8pt5+Ey8kGmdcAcg3OL9reK8ltczgHTAwNhMys/6ThXHityHxVV2p3fkw/c+MAvBHFVYHFZDmjMCQ=="],
  }
}
